
Microsoft Visual Studio Solution File, Format Version 12.00
# Visual Studio 14
VisualStudioVersion = 14.0.25420.1
MinimumVisualStudioVersion = 10.0.40219.1
Project("{FAE04EC0-301F-11D3-BF4B-00C04F79EFBC}") = "App1", "App1\App1\App1.csproj", "{AF75EB64-28F4-4792-AB8B-15D7DAC11D52}"
EndProject
Project("{FAE04EC0-301F-11D3-BF4B-00C04F79EFBC}") = "App1.Droid", "App1\App1.Droid\App1.Droid.csproj", "{04E8DA94-8D3A-415A-ABBD-3382271D423A}"
EndProject
Project("{FAE04EC0-301F-11D3-BF4B-00C04F79EFBC}") = "App1.iOS", "App1\App1.iOS\App1.iOS.csproj", "{EB157884-9DC6-4C1D-928C-A4360F0E8782}"
EndProject
Project("{FAE04EC0-301F-11D3-BF4B-00C04F79EFBC}") = "App1.WinPhone", "App1\App1.WinPhone\App1.WinPhone.csproj", "{01C14AD6-B992-4924-848C-2BE5CEE0B344}"
EndProject
Project("{FAE04EC0-301F-11D3-BF4B-00C04F79EFBC}") = "App1.UWP", "App1\App1.UWP\App1.UWP.csproj", "{FAF358A9-8F45-4579-BE94-00D1546B3865}"
EndProject
Project("{FAE04EC0-301F-11D3-BF4B-00C04F79EFBC}") = "App1.Windows", "App1\App1.Windows\App1.Windows.csproj", "{DC00F349-E479-48A8-AAD3-653A9F41B1E4}"
EndProject
Global
	GlobalSection(SolutionConfigurationPlatforms) = preSolution
		Ad-Hoc|Any CPU = Ad-Hoc|Any CPU
		Ad-Hoc|ARM = Ad-Hoc|ARM
		Ad-Hoc|iPhone = Ad-Hoc|iPhone
		Ad-Hoc|iPhoneSimulator = Ad-Hoc|iPhoneSimulator
		Ad-Hoc|x64 = Ad-Hoc|x64
		Ad-Hoc|x86 = Ad-Hoc|x86
		AppStore|Any CPU = AppStore|Any CPU
		AppStore|ARM = AppStore|ARM
		AppStore|iPhone = AppStore|iPhone
		AppStore|iPhoneSimulator = AppStore|iPhoneSimulator
		AppStore|x64 = AppStore|x64
		AppStore|x86 = AppStore|x86
		Debug|Any CPU = Debug|Any CPU
		Debug|ARM = Debug|ARM
		Debug|iPhone = Debug|iPhone
		Debug|iPhoneSimulator = Debug|iPhoneSimulator
		Debug|x64 = Debug|x64
		Debug|x86 = Debug|x86
		Release|Any CPU = Release|Any CPU
		Release|ARM = Release|ARM
		Release|iPhone = Release|iPhone
		Release|iPhoneSimulator = Release|iPhoneSimulator
		Release|x64 = Release|x64
		Release|x86 = Release|x86
	EndGlobalSection
	GlobalSection(ProjectConfigurationPlatforms) = postSolution
		{AF75EB64-28F4-4792-AB8B-15D7DAC11D52}.Ad-Hoc|Any CPU.ActiveCfg = Release|Any CPU
		{AF75EB64-28F4-4792-AB8B-15D7DAC11D52}.Ad-Hoc|Any CPU.Build.0 = Release|Any CPU
		{AF75EB64-28F4-4792-AB8B-15D7DAC11D52}.Ad-Hoc|ARM.ActiveCfg = Release|Any CPU
		{AF75EB64-28F4-4792-AB8B-15D7DAC11D52}.Ad-Hoc|ARM.Build.0 = Release|Any CPU
		{AF75EB64-28F4-4792-AB8B-15D7DAC11D52}.Ad-Hoc|iPhone.ActiveCfg = Release|Any CPU
		{AF75EB64-28F4-4792-AB8B-15D7DAC11D52}.Ad-Hoc|iPhone.Build.0 = Release|Any CPU
		{AF75EB64-28F4-4792-AB8B-15D7DAC11D52}.Ad-Hoc|iPhoneSimulator.ActiveCfg = Release|Any CPU
		{AF75EB64-28F4-4792-AB8B-15D7DAC11D52}.Ad-Hoc|iPhoneSimulator.Build.0 = Release|Any CPU
		{AF75EB64-28F4-4792-AB8B-15D7DAC11D52}.Ad-Hoc|x64.ActiveCfg = Release|Any CPU
		{AF75EB64-28F4-4792-AB8B-15D7DAC11D52}.Ad-Hoc|x64.Build.0 = Release|Any CPU
		{AF75EB64-28F4-4792-AB8B-15D7DAC11D52}.Ad-Hoc|x86.ActiveCfg = Release|Any CPU
		{AF75EB64-28F4-4792-AB8B-15D7DAC11D52}.Ad-Hoc|x86.Build.0 = Release|Any CPU
		{AF75EB64-28F4-4792-AB8B-15D7DAC11D52}.AppStore|Any CPU.ActiveCfg = Release|Any CPU
		{AF75EB64-28F4-4792-AB8B-15D7DAC11D52}.AppStore|Any CPU.Build.0 = Release|Any CPU
		{AF75EB64-28F4-4792-AB8B-15D7DAC11D52}.AppStore|ARM.ActiveCfg = Release|Any CPU
		{AF75EB64-28F4-4792-AB8B-15D7DAC11D52}.AppStore|ARM.Build.0 = Release|Any CPU
		{AF75EB64-28F4-4792-AB8B-15D7DAC11D52}.AppStore|iPhone.ActiveCfg = Release|Any CPU
		{AF75EB64-28F4-4792-AB8B-15D7DAC11D52}.AppStore|iPhone.Build.0 = Release|Any CPU
		{AF75EB64-28F4-4792-AB8B-15D7DAC11D52}.AppStore|iPhoneSimulator.ActiveCfg = Release|Any CPU
		{AF75EB64-28F4-4792-AB8B-15D7DAC11D52}.AppStore|iPhoneSimulator.Build.0 = Release|Any CPU
		{AF75EB64-28F4-4792-AB8B-15D7DAC11D52}.AppStore|x64.ActiveCfg = Release|Any CPU
		{AF75EB64-28F4-4792-AB8B-15D7DAC11D52}.AppStore|x64.Build.0 = Release|Any CPU
		{AF75EB64-28F4-4792-AB8B-15D7DAC11D52}.AppStore|x86.ActiveCfg = Release|Any CPU
		{AF75EB64-28F4-4792-AB8B-15D7DAC11D52}.AppStore|x86.Build.0 = Release|Any CPU
		{AF75EB64-28F4-4792-AB8B-15D7DAC11D52}.Debug|Any CPU.ActiveCfg = Debug|Any CPU
		{AF75EB64-28F4-4792-AB8B-15D7DAC11D52}.Debug|Any CPU.Build.0 = Debug|Any CPU
		{AF75EB64-28F4-4792-AB8B-15D7DAC11D52}.Debug|ARM.ActiveCfg = Debug|Any CPU
		{AF75EB64-28F4-4792-AB8B-15D7DAC11D52}.Debug|ARM.Build.0 = Debug|Any CPU
		{AF75EB64-28F4-4792-AB8B-15D7DAC11D52}.Debug|iPhone.ActiveCfg = Debug|Any CPU
		{AF75EB64-28F4-4792-AB8B-15D7DAC11D52}.Debug|iPhone.Build.0 = Debug|Any CPU
		{AF75EB64-28F4-4792-AB8B-15D7DAC11D52}.Debug|iPhoneSimulator.ActiveCfg = Debug|Any CPU
		{AF75EB64-28F4-4792-AB8B-15D7DAC11D52}.Debug|iPhoneSimulator.Build.0 = Debug|Any CPU
		{AF75EB64-28F4-4792-AB8B-15D7DAC11D52}.Debug|x64.ActiveCfg = Debug|Any CPU
		{AF75EB64-28F4-4792-AB8B-15D7DAC11D52}.Debug|x64.Build.0 = Debug|Any CPU
		{AF75EB64-28F4-4792-AB8B-15D7DAC11D52}.Debug|x86.ActiveCfg = Debug|Any CPU
		{AF75EB64-28F4-4792-AB8B-15D7DAC11D52}.Debug|x86.Build.0 = Debug|Any CPU
		{AF75EB64-28F4-4792-AB8B-15D7DAC11D52}.Release|Any CPU.ActiveCfg = Release|Any CPU
		{AF75EB64-28F4-4792-AB8B-15D7DAC11D52}.Release|Any CPU.Build.0 = Release|Any CPU
		{AF75EB64-28F4-4792-AB8B-15D7DAC11D52}.Release|ARM.ActiveCfg = Release|Any CPU
		{AF75EB64-28F4-4792-AB8B-15D7DAC11D52}.Release|ARM.Build.0 = Release|Any CPU
		{AF75EB64-28F4-4792-AB8B-15D7DAC11D52}.Release|iPhone.ActiveCfg = Release|Any CPU
		{AF75EB64-28F4-4792-AB8B-15D7DAC11D52}.Release|iPhone.Build.0 = Release|Any CPU
		{AF75EB64-28F4-4792-AB8B-15D7DAC11D52}.Release|iPhoneSimulator.ActiveCfg = Release|Any CPU
		{AF75EB64-28F4-4792-AB8B-15D7DAC11D52}.Release|iPhoneSimulator.Build.0 = Release|Any CPU
		{AF75EB64-28F4-4792-AB8B-15D7DAC11D52}.Release|x64.ActiveCfg = Release|Any CPU
		{AF75EB64-28F4-4792-AB8B-15D7DAC11D52}.Release|x64.Build.0 = Release|Any CPU
		{AF75EB64-28F4-4792-AB8B-15D7DAC11D52}.Release|x86.ActiveCfg = Release|Any CPU
		{AF75EB64-28F4-4792-AB8B-15D7DAC11D52}.Release|x86.Build.0 = Release|Any CPU
		{04E8DA94-8D3A-415A-ABBD-3382271D423A}.Ad-Hoc|Any CPU.ActiveCfg = Release|Any CPU
		{04E8DA94-8D3A-415A-ABBD-3382271D423A}.Ad-Hoc|Any CPU.Build.0 = Release|Any CPU
		{04E8DA94-8D3A-415A-ABBD-3382271D423A}.Ad-Hoc|Any CPU.Deploy.0 = Release|Any CPU
		{04E8DA94-8D3A-415A-ABBD-3382271D423A}.Ad-Hoc|ARM.ActiveCfg = Release|Any CPU
		{04E8DA94-8D3A-415A-ABBD-3382271D423A}.Ad-Hoc|ARM.Build.0 = Release|Any CPU
		{04E8DA94-8D3A-415A-ABBD-3382271D423A}.Ad-Hoc|ARM.Deploy.0 = Release|Any CPU
		{04E8DA94-8D3A-415A-ABBD-3382271D423A}.Ad-Hoc|iPhone.ActiveCfg = Release|Any CPU
		{04E8DA94-8D3A-415A-ABBD-3382271D423A}.Ad-Hoc|iPhone.Build.0 = Release|Any CPU
		{04E8DA94-8D3A-415A-ABBD-3382271D423A}.Ad-Hoc|iPhone.Deploy.0 = Release|Any CPU
		{04E8DA94-8D3A-415A-ABBD-3382271D423A}.Ad-Hoc|iPhoneSimulator.ActiveCfg = Release|Any CPU
		{04E8DA94-8D3A-415A-ABBD-3382271D423A}.Ad-Hoc|iPhoneSimulator.Build.0 = Release|Any CPU
		{04E8DA94-8D3A-415A-ABBD-3382271D423A}.Ad-Hoc|iPhoneSimulator.Deploy.0 = Release|Any CPU
		{04E8DA94-8D3A-415A-ABBD-3382271D423A}.Ad-Hoc|x64.ActiveCfg = Release|Any CPU
		{04E8DA94-8D3A-415A-ABBD-3382271D423A}.Ad-Hoc|x64.Build.0 = Release|Any CPU
		{04E8DA94-8D3A-415A-ABBD-3382271D423A}.Ad-Hoc|x64.Deploy.0 = Release|Any CPU
		{04E8DA94-8D3A-415A-ABBD-3382271D423A}.Ad-Hoc|x86.ActiveCfg = Release|Any CPU
		{04E8DA94-8D3A-415A-ABBD-3382271D423A}.Ad-Hoc|x86.Build.0 = Release|Any CPU
		{04E8DA94-8D3A-415A-ABBD-3382271D423A}.Ad-Hoc|x86.Deploy.0 = Release|Any CPU
		{04E8DA94-8D3A-415A-ABBD-3382271D423A}.AppStore|Any CPU.ActiveCfg = Release|Any CPU
		{04E8DA94-8D3A-415A-ABBD-3382271D423A}.AppStore|Any CPU.Build.0 = Release|Any CPU
		{04E8DA94-8D3A-415A-ABBD-3382271D423A}.AppStore|Any CPU.Deploy.0 = Release|Any CPU
		{04E8DA94-8D3A-415A-ABBD-3382271D423A}.AppStore|ARM.ActiveCfg = Release|Any CPU
		{04E8DA94-8D3A-415A-ABBD-3382271D423A}.AppStore|ARM.Build.0 = Release|Any CPU
		{04E8DA94-8D3A-415A-ABBD-3382271D423A}.AppStore|ARM.Deploy.0 = Release|Any CPU
		{04E8DA94-8D3A-415A-ABBD-3382271D423A}.AppStore|iPhone.ActiveCfg = Release|Any CPU
		{04E8DA94-8D3A-415A-ABBD-3382271D423A}.AppStore|iPhone.Build.0 = Release|Any CPU
		{04E8DA94-8D3A-415A-ABBD-3382271D423A}.AppStore|iPhone.Deploy.0 = Release|Any CPU
		{04E8DA94-8D3A-415A-ABBD-3382271D423A}.AppStore|iPhoneSimulator.ActiveCfg = Release|Any CPU
		{04E8DA94-8D3A-415A-ABBD-3382271D423A}.AppStore|iPhoneSimulator.Build.0 = Release|Any CPU
		{04E8DA94-8D3A-415A-ABBD-3382271D423A}.AppStore|iPhoneSimulator.Deploy.0 = Release|Any CPU
		{04E8DA94-8D3A-415A-ABBD-3382271D423A}.AppStore|x64.ActiveCfg = Release|Any CPU
		{04E8DA94-8D3A-415A-ABBD-3382271D423A}.AppStore|x64.Build.0 = Release|Any CPU
		{04E8DA94-8D3A-415A-ABBD-3382271D423A}.AppStore|x64.Deploy.0 = Release|Any CPU
		{04E8DA94-8D3A-415A-ABBD-3382271D423A}.AppStore|x86.ActiveCfg = Release|Any CPU
		{04E8DA94-8D3A-415A-ABBD-3382271D423A}.AppStore|x86.Build.0 = Release|Any CPU
		{04E8DA94-8D3A-415A-ABBD-3382271D423A}.AppStore|x86.Deploy.0 = Release|Any CPU
		{04E8DA94-8D3A-415A-ABBD-3382271D423A}.Debug|Any CPU.ActiveCfg = Debug|Any CPU
		{04E8DA94-8D3A-415A-ABBD-3382271D423A}.Debug|Any CPU.Build.0 = Debug|Any CPU
		{04E8DA94-8D3A-415A-ABBD-3382271D423A}.Debug|Any CPU.Deploy.0 = Debug|Any CPU
		{04E8DA94-8D3A-415A-ABBD-3382271D423A}.Debug|ARM.ActiveCfg = Debug|Any CPU
		{04E8DA94-8D3A-415A-ABBD-3382271D423A}.Debug|ARM.Build.0 = Debug|Any CPU
		{04E8DA94-8D3A-415A-ABBD-3382271D423A}.Debug|ARM.Deploy.0 = Debug|Any CPU
		{04E8DA94-8D3A-415A-ABBD-3382271D423A}.Debug|iPhone.ActiveCfg = Debug|Any CPU
		{04E8DA94-8D3A-415A-ABBD-3382271D423A}.Debug|iPhone.Build.0 = Debug|Any CPU
		{04E8DA94-8D3A-415A-ABBD-3382271D423A}.Debug|iPhone.Deploy.0 = Debug|Any CPU
		{04E8DA94-8D3A-415A-ABBD-3382271D423A}.Debug|iPhoneSimulator.ActiveCfg = Debug|Any CPU
		{04E8DA94-8D3A-415A-ABBD-3382271D423A}.Debug|iPhoneSimulator.Build.0 = Debug|Any CPU
		{04E8DA94-8D3A-415A-ABBD-3382271D423A}.Debug|iPhoneSimulator.Deploy.0 = Debug|Any CPU
		{04E8DA94-8D3A-415A-ABBD-3382271D423A}.Debug|x64.ActiveCfg = Debug|Any CPU
		{04E8DA94-8D3A-415A-ABBD-3382271D423A}.Debug|x64.Build.0 = Debug|Any CPU
		{04E8DA94-8D3A-415A-ABBD-3382271D423A}.Debug|x64.Deploy.0 = Debug|Any CPU
		{04E8DA94-8D3A-415A-ABBD-3382271D423A}.Debug|x86.ActiveCfg = Debug|Any CPU
		{04E8DA94-8D3A-415A-ABBD-3382271D423A}.Debug|x86.Build.0 = Debug|Any CPU
		{04E8DA94-8D3A-415A-ABBD-3382271D423A}.Debug|x86.Deploy.0 = Debug|Any CPU
		{04E8DA94-8D3A-415A-ABBD-3382271D423A}.Release|Any CPU.ActiveCfg = Release|Any CPU
		{04E8DA94-8D3A-415A-ABBD-3382271D423A}.Release|Any CPU.Build.0 = Release|Any CPU
		{04E8DA94-8D3A-415A-ABBD-3382271D423A}.Release|Any CPU.Deploy.0 = Release|Any CPU
		{04E8DA94-8D3A-415A-ABBD-3382271D423A}.Release|ARM.ActiveCfg = Release|Any CPU
		{04E8DA94-8D3A-415A-ABBD-3382271D423A}.Release|ARM.Build.0 = Release|Any CPU
		{04E8DA94-8D3A-415A-ABBD-3382271D423A}.Release|ARM.Deploy.0 = Release|Any CPU
		{04E8DA94-8D3A-415A-ABBD-3382271D423A}.Release|iPhone.ActiveCfg = Release|Any CPU
		{04E8DA94-8D3A-415A-ABBD-3382271D423A}.Release|iPhone.Build.0 = Release|Any CPU
		{04E8DA94-8D3A-415A-ABBD-3382271D423A}.Release|iPhone.Deploy.0 = Release|Any CPU
		{04E8DA94-8D3A-415A-ABBD-3382271D423A}.Release|iPhoneSimulator.ActiveCfg = Release|Any CPU
		{04E8DA94-8D3A-415A-ABBD-3382271D423A}.Release|iPhoneSimulator.Build.0 = Release|Any CPU
		{04E8DA94-8D3A-415A-ABBD-3382271D423A}.Release|iPhoneSimulator.Deploy.0 = Release|Any CPU
		{04E8DA94-8D3A-415A-ABBD-3382271D423A}.Release|x64.ActiveCfg = Release|Any CPU
		{04E8DA94-8D3A-415A-ABBD-3382271D423A}.Release|x64.Build.0 = Release|Any CPU
		{04E8DA94-8D3A-415A-ABBD-3382271D423A}.Release|x64.Deploy.0 = Release|Any CPU
		{04E8DA94-8D3A-415A-ABBD-3382271D423A}.Release|x86.ActiveCfg = Release|Any CPU
		{04E8DA94-8D3A-415A-ABBD-3382271D423A}.Release|x86.Build.0 = Release|Any CPU
		{04E8DA94-8D3A-415A-ABBD-3382271D423A}.Release|x86.Deploy.0 = Release|Any CPU
		{EB157884-9DC6-4C1D-928C-A4360F0E8782}.Ad-Hoc|Any CPU.ActiveCfg = Ad-Hoc|iPhone
		{EB157884-9DC6-4C1D-928C-A4360F0E8782}.Ad-Hoc|ARM.ActiveCfg = Ad-Hoc|iPhone
		{EB157884-9DC6-4C1D-928C-A4360F0E8782}.Ad-Hoc|iPhone.ActiveCfg = Ad-Hoc|iPhone
		{EB157884-9DC6-4C1D-928C-A4360F0E8782}.Ad-Hoc|iPhone.Build.0 = Ad-Hoc|iPhone
		{EB157884-9DC6-4C1D-928C-A4360F0E8782}.Ad-Hoc|iPhoneSimulator.ActiveCfg = Ad-Hoc|iPhoneSimulator
		{EB157884-9DC6-4C1D-928C-A4360F0E8782}.Ad-Hoc|iPhoneSimulator.Build.0 = Ad-Hoc|iPhoneSimulator
		{EB157884-9DC6-4C1D-928C-A4360F0E8782}.Ad-Hoc|x64.ActiveCfg = Ad-Hoc|iPhone
		{EB157884-9DC6-4C1D-928C-A4360F0E8782}.Ad-Hoc|x86.ActiveCfg = Ad-Hoc|iPhone
		{EB157884-9DC6-4C1D-928C-A4360F0E8782}.AppStore|Any CPU.ActiveCfg = AppStore|iPhone
		{EB157884-9DC6-4C1D-928C-A4360F0E8782}.AppStore|ARM.ActiveCfg = AppStore|iPhone
		{EB157884-9DC6-4C1D-928C-A4360F0E8782}.AppStore|iPhone.ActiveCfg = AppStore|iPhone
		{EB157884-9DC6-4C1D-928C-A4360F0E8782}.AppStore|iPhone.Build.0 = AppStore|iPhone
		{EB157884-9DC6-4C1D-928C-A4360F0E8782}.AppStore|iPhoneSimulator.ActiveCfg = AppStore|iPhoneSimulator
		{EB157884-9DC6-4C1D-928C-A4360F0E8782}.AppStore|iPhoneSimulator.Build.0 = AppStore|iPhoneSimulator
		{EB157884-9DC6-4C1D-928C-A4360F0E8782}.AppStore|x64.ActiveCfg = AppStore|iPhone
		{EB157884-9DC6-4C1D-928C-A4360F0E8782}.AppStore|x86.ActiveCfg = AppStore|iPhone
		{EB157884-9DC6-4C1D-928C-A4360F0E8782}.Debug|Any CPU.ActiveCfg = Debug|iPhone
		{EB157884-9DC6-4C1D-928C-A4360F0E8782}.Debug|ARM.ActiveCfg = Debug|iPhone
		{EB157884-9DC6-4C1D-928C-A4360F0E8782}.Debug|iPhone.ActiveCfg = Debug|iPhone
		{EB157884-9DC6-4C1D-928C-A4360F0E8782}.Debug|iPhone.Build.0 = Debug|iPhone
		{EB157884-9DC6-4C1D-928C-A4360F0E8782}.Debug|iPhoneSimulator.ActiveCfg = Debug|iPhoneSimulator
		{EB157884-9DC6-4C1D-928C-A4360F0E8782}.Debug|iPhoneSimulator.Build.0 = Debug|iPhoneSimulator
		{EB157884-9DC6-4C1D-928C-A4360F0E8782}.Debug|x64.ActiveCfg = Debug|iPhone
		{EB157884-9DC6-4C1D-928C-A4360F0E8782}.Debug|x86.ActiveCfg = Debug|iPhone
		{EB157884-9DC6-4C1D-928C-A4360F0E8782}.Release|Any CPU.ActiveCfg = Release|iPhone
		{EB157884-9DC6-4C1D-928C-A4360F0E8782}.Release|ARM.ActiveCfg = Release|iPhone
		{EB157884-9DC6-4C1D-928C-A4360F0E8782}.Release|iPhone.ActiveCfg = Release|iPhone
		{EB157884-9DC6-4C1D-928C-A4360F0E8782}.Release|iPhone.Build.0 = Release|iPhone
		{EB157884-9DC6-4C1D-928C-A4360F0E8782}.Release|iPhoneSimulator.ActiveCfg = Release|iPhoneSimulator
		{EB157884-9DC6-4C1D-928C-A4360F0E8782}.Release|iPhoneSimulator.Build.0 = Release|iPhoneSimulator
		{EB157884-9DC6-4C1D-928C-A4360F0E8782}.Release|x64.ActiveCfg = Release|iPhone
		{EB157884-9DC6-4C1D-928C-A4360F0E8782}.Release|x86.ActiveCfg = Release|iPhone
		{01C14AD6-B992-4924-848C-2BE5CEE0B344}.Ad-Hoc|Any CPU.ActiveCfg = Release|Any CPU
		{01C14AD6-B992-4924-848C-2BE5CEE0B344}.Ad-Hoc|Any CPU.Build.0 = Release|Any CPU
		{01C14AD6-B992-4924-848C-2BE5CEE0B344}.Ad-Hoc|Any CPU.Deploy.0 = Release|Any CPU
		{01C14AD6-B992-4924-848C-2BE5CEE0B344}.Ad-Hoc|ARM.ActiveCfg = Release|ARM
		{01C14AD6-B992-4924-848C-2BE5CEE0B344}.Ad-Hoc|ARM.Build.0 = Release|ARM
		{01C14AD6-B992-4924-848C-2BE5CEE0B344}.Ad-Hoc|ARM.Deploy.0 = Release|ARM
		{01C14AD6-B992-4924-848C-2BE5CEE0B344}.Ad-Hoc|iPhone.ActiveCfg = Release|Any CPU
		{01C14AD6-B992-4924-848C-2BE5CEE0B344}.Ad-Hoc|iPhone.Build.0 = Release|Any CPU
		{01C14AD6-B992-4924-848C-2BE5CEE0B344}.Ad-Hoc|iPhone.Deploy.0 = Release|Any CPU
		{01C14AD6-B992-4924-848C-2BE5CEE0B344}.Ad-Hoc|iPhoneSimulator.ActiveCfg = Release|Any CPU
		{01C14AD6-B992-4924-848C-2BE5CEE0B344}.Ad-Hoc|iPhoneSimulator.Build.0 = Release|Any CPU
		{01C14AD6-B992-4924-848C-2BE5CEE0B344}.Ad-Hoc|iPhoneSimulator.Deploy.0 = Release|Any CPU
		{01C14AD6-B992-4924-848C-2BE5CEE0B344}.Ad-Hoc|x64.ActiveCfg = Release|Any CPU
		{01C14AD6-B992-4924-848C-2BE5CEE0B344}.Ad-Hoc|x64.Build.0 = Release|Any CPU
		{01C14AD6-B992-4924-848C-2BE5CEE0B344}.Ad-Hoc|x64.Deploy.0 = Release|Any CPU
		{01C14AD6-B992-4924-848C-2BE5CEE0B344}.Ad-Hoc|x86.ActiveCfg = Release|x86
		{01C14AD6-B992-4924-848C-2BE5CEE0B344}.Ad-Hoc|x86.Build.0 = Release|x86
		{01C14AD6-B992-4924-848C-2BE5CEE0B344}.Ad-Hoc|x86.Deploy.0 = Release|x86
		{01C14AD6-B992-4924-848C-2BE5CEE0B344}.AppStore|Any CPU.ActiveCfg = Release|Any CPU
		{01C14AD6-B992-4924-848C-2BE5CEE0B344}.AppStore|Any CPU.Build.0 = Release|Any CPU
		{01C14AD6-B992-4924-848C-2BE5CEE0B344}.AppStore|Any CPU.Deploy.0 = Release|Any CPU
		{01C14AD6-B992-4924-848C-2BE5CEE0B344}.AppStore|ARM.ActiveCfg = Release|ARM
		{01C14AD6-B992-4924-848C-2BE5CEE0B344}.AppStore|ARM.Build.0 = Release|ARM
		{01C14AD6-B992-4924-848C-2BE5CEE0B344}.AppStore|ARM.Deploy.0 = Release|ARM
		{01C14AD6-B992-4924-848C-2BE5CEE0B344}.AppStore|iPhone.ActiveCfg = Release|Any CPU
		{01C14AD6-B992-4924-848C-2BE5CEE0B344}.AppStore|iPhone.Build.0 = Release|Any CPU
		{01C14AD6-B992-4924-848C-2BE5CEE0B344}.AppStore|iPhone.Deploy.0 = Release|Any CPU
		{01C14AD6-B992-4924-848C-2BE5CEE0B344}.AppStore|iPhoneSimulator.ActiveCfg = Release|Any CPU
		{01C14AD6-B992-4924-848C-2BE5CEE0B344}.AppStore|iPhoneSimulator.Build.0 = Release|Any CPU
		{01C14AD6-B992-4924-848C-2BE5CEE0B344}.AppStore|iPhoneSimulator.Deploy.0 = Release|Any CPU
		{01C14AD6-B992-4924-848C-2BE5CEE0B344}.AppStore|x64.ActiveCfg = Release|Any CPU
		{01C14AD6-B992-4924-848C-2BE5CEE0B344}.AppStore|x64.Build.0 = Release|Any CPU
		{01C14AD6-B992-4924-848C-2BE5CEE0B344}.AppStore|x64.Deploy.0 = Release|Any CPU
		{01C14AD6-B992-4924-848C-2BE5CEE0B344}.AppStore|x86.ActiveCfg = Release|x86
		{01C14AD6-B992-4924-848C-2BE5CEE0B344}.AppStore|x86.Build.0 = Release|x86
		{01C14AD6-B992-4924-848C-2BE5CEE0B344}.AppStore|x86.Deploy.0 = Release|x86
		{01C14AD6-B992-4924-848C-2BE5CEE0B344}.Debug|Any CPU.ActiveCfg = Debug|Any CPU
		{01C14AD6-B992-4924-848C-2BE5CEE0B344}.Debug|Any CPU.Build.0 = Debug|Any CPU
		{01C14AD6-B992-4924-848C-2BE5CEE0B344}.Debug|Any CPU.Deploy.0 = Debug|Any CPU
		{01C14AD6-B992-4924-848C-2BE5CEE0B344}.Debug|ARM.ActiveCfg = Debug|ARM
		{01C14AD6-B992-4924-848C-2BE5CEE0B344}.Debug|ARM.Build.0 = Debug|ARM
		{01C14AD6-B992-4924-848C-2BE5CEE0B344}.Debug|ARM.Deploy.0 = Debug|ARM
		{01C14AD6-B992-4924-848C-2BE5CEE0B344}.Debug|iPhone.ActiveCfg = Debug|Any CPU
		{01C14AD6-B992-4924-848C-2BE5CEE0B344}.Debug|iPhone.Build.0 = Debug|Any CPU
		{01C14AD6-B992-4924-848C-2BE5CEE0B344}.Debug|iPhone.Deploy.0 = Debug|Any CPU
		{01C14AD6-B992-4924-848C-2BE5CEE0B344}.Debug|iPhoneSimulator.ActiveCfg = Debug|Any CPU
		{01C14AD6-B992-4924-848C-2BE5CEE0B344}.Debug|iPhoneSimulator.Build.0 = Debug|Any CPU
		{01C14AD6-B992-4924-848C-2BE5CEE0B344}.Debug|iPhoneSimulator.Deploy.0 = Debug|Any CPU
		{01C14AD6-B992-4924-848C-2BE5CEE0B344}.Debug|x64.ActiveCfg = Debug|Any CPU
		{01C14AD6-B992-4924-848C-2BE5CEE0B344}.Debug|x64.Build.0 = Debug|Any CPU
		{01C14AD6-B992-4924-848C-2BE5CEE0B344}.Debug|x64.Deploy.0 = Debug|Any CPU
		{01C14AD6-B992-4924-848C-2BE5CEE0B344}.Debug|x86.ActiveCfg = Debug|x86
		{01C14AD6-B992-4924-848C-2BE5CEE0B344}.Debug|x86.Build.0 = Debug|x86
		{01C14AD6-B992-4924-848C-2BE5CEE0B344}.Debug|x86.Deploy.0 = Debug|x86
		{01C14AD6-B992-4924-848C-2BE5CEE0B344}.Release|Any CPU.ActiveCfg = Release|Any CPU
		{01C14AD6-B992-4924-848C-2BE5CEE0B344}.Release|Any CPU.Build.0 = Release|Any CPU
		{01C14AD6-B992-4924-848C-2BE5CEE0B344}.Release|Any CPU.Deploy.0 = Release|Any CPU
		{01C14AD6-B992-4924-848C-2BE5CEE0B344}.Release|ARM.ActiveCfg = Release|ARM
		{01C14AD6-B992-4924-848C-2BE5CEE0B344}.Release|ARM.Build.0 = Release|ARM
		{01C14AD6-B992-4924-848C-2BE5CEE0B344}.Release|ARM.Deploy.0 = Release|ARM
		{01C14AD6-B992-4924-848C-2BE5CEE0B344}.Release|iPhone.ActiveCfg = Release|Any CPU
		{01C14AD6-B992-4924-848C-2BE5CEE0B344}.Release|iPhone.Build.0 = Release|Any CPU
		{01C14AD6-B992-4924-848C-2BE5CEE0B344}.Release|iPhone.Deploy.0 = Release|Any CPU
		{01C14AD6-B992-4924-848C-2BE5CEE0B344}.Release|iPhoneSimulator.ActiveCfg = Release|Any CPU
		{01C14AD6-B992-4924-848C-2BE5CEE0B344}.Release|iPhoneSimulator.Build.0 = Release|Any CPU
		{01C14AD6-B992-4924-848C-2BE5CEE0B344}.Release|iPhoneSimulator.Deploy.0 = Release|Any CPU
		{01C14AD6-B992-4924-848C-2BE5CEE0B344}.Release|x64.ActiveCfg = Release|Any CPU
		{01C14AD6-B992-4924-848C-2BE5CEE0B344}.Release|x64.Build.0 = Release|Any CPU
		{01C14AD6-B992-4924-848C-2BE5CEE0B344}.Release|x64.Deploy.0 = Release|Any CPU
		{01C14AD6-B992-4924-848C-2BE5CEE0B344}.Release|x86.ActiveCfg = Release|x86
		{01C14AD6-B992-4924-848C-2BE5CEE0B344}.Release|x86.Build.0 = Release|x86
		{01C14AD6-B992-4924-848C-2BE5CEE0B344}.Release|x86.Deploy.0 = Release|x86
		{FAF358A9-8F45-4579-BE94-00D1546B3865}.Ad-Hoc|Any CPU.ActiveCfg = Release|x86
		{FAF358A9-8F45-4579-BE94-00D1546B3865}.Ad-Hoc|Any CPU.Build.0 = Release|x86
		{FAF358A9-8F45-4579-BE94-00D1546B3865}.Ad-Hoc|Any CPU.Deploy.0 = Release|x86
		{FAF358A9-8F45-4579-BE94-00D1546B3865}.Ad-Hoc|ARM.ActiveCfg = Release|ARM
		{FAF358A9-8F45-4579-BE94-00D1546B3865}.Ad-Hoc|ARM.Build.0 = Release|ARM
		{FAF358A9-8F45-4579-BE94-00D1546B3865}.Ad-Hoc|ARM.Deploy.0 = Release|ARM
		{FAF358A9-8F45-4579-BE94-00D1546B3865}.Ad-Hoc|iPhone.ActiveCfg = Release|x86
		{FAF358A9-8F45-4579-BE94-00D1546B3865}.Ad-Hoc|iPhone.Build.0 = Release|x86
		{FAF358A9-8F45-4579-BE94-00D1546B3865}.Ad-Hoc|iPhone.Deploy.0 = Release|x86
		{FAF358A9-8F45-4579-BE94-00D1546B3865}.Ad-Hoc|iPhoneSimulator.ActiveCfg = Release|x86
		{FAF358A9-8F45-4579-BE94-00D1546B3865}.Ad-Hoc|iPhoneSimulator.Build.0 = Release|x86
		{FAF358A9-8F45-4579-BE94-00D1546B3865}.Ad-Hoc|iPhoneSimulator.Deploy.0 = Release|x86
		{FAF358A9-8F45-4579-BE94-00D1546B3865}.Ad-Hoc|x64.ActiveCfg = Release|x64
		{FAF358A9-8F45-4579-BE94-00D1546B3865}.Ad-Hoc|x64.Build.0 = Release|x64
		{FAF358A9-8F45-4579-BE94-00D1546B3865}.Ad-Hoc|x64.Deploy.0 = Release|x64
		{FAF358A9-8F45-4579-BE94-00D1546B3865}.Ad-Hoc|x86.ActiveCfg = Release|x86
		{FAF358A9-8F45-4579-BE94-00D1546B3865}.Ad-Hoc|x86.Build.0 = Release|x86
		{FAF358A9-8F45-4579-BE94-00D1546B3865}.Ad-Hoc|x86.Deploy.0 = Release|x86
		{FAF358A9-8F45-4579-BE94-00D1546B3865}.AppStore|Any CPU.ActiveCfg = Release|x86
		{FAF358A9-8F45-4579-BE94-00D1546B3865}.AppStore|Any CPU.Build.0 = Release|x86
		{FAF358A9-8F45-4579-BE94-00D1546B3865}.AppStore|Any CPU.Deploy.0 = Release|x86
		{FAF358A9-8F45-4579-BE94-00D1546B3865}.AppStore|ARM.ActiveCfg = Release|ARM
		{FAF358A9-8F45-4579-BE94-00D1546B3865}.AppStore|ARM.Build.0 = Release|ARM
		{FAF358A9-8F45-4579-BE94-00D1546B3865}.AppStore|ARM.Deploy.0 = Release|ARM
		{FAF358A9-8F45-4579-BE94-00D1546B3865}.AppStore|iPhone.ActiveCfg = Release|x86
		{FAF358A9-8F45-4579-BE94-00D1546B3865}.AppStore|iPhone.Build.0 = Release|x86
		{FAF358A9-8F45-4579-BE94-00D1546B3865}.AppStore|iPhone.Deploy.0 = Release|x86
		{FAF358A9-8F45-4579-BE94-00D1546B3865}.AppStore|iPhoneSimulator.ActiveCfg = Release|x86
		{FAF358A9-8F45-4579-BE94-00D1546B3865}.AppStore|iPhoneSimulator.Build.0 = Release|x86
		{FAF358A9-8F45-4579-BE94-00D1546B3865}.AppStore|iPhoneSimulator.Deploy.0 = Release|x86
		{FAF358A9-8F45-4579-BE94-00D1546B3865}.AppStore|x64.ActiveCfg = Release|x64
		{FAF358A9-8F45-4579-BE94-00D1546B3865}.AppStore|x64.Build.0 = Release|x64
		{FAF358A9-8F45-4579-BE94-00D1546B3865}.AppStore|x64.Deploy.0 = Release|x64
		{FAF358A9-8F45-4579-BE94-00D1546B3865}.AppStore|x86.ActiveCfg = Release|x86
		{FAF358A9-8F45-4579-BE94-00D1546B3865}.AppStore|x86.Build.0 = Release|x86
		{FAF358A9-8F45-4579-BE94-00D1546B3865}.AppStore|x86.Deploy.0 = Release|x86
		{FAF358A9-8F45-4579-BE94-00D1546B3865}.Debug|Any CPU.ActiveCfg = Debug|x86
		{FAF358A9-8F45-4579-BE94-00D1546B3865}.Debug|ARM.ActiveCfg = Debug|ARM
		{FAF358A9-8F45-4579-BE94-00D1546B3865}.Debug|ARM.Build.0 = Debug|ARM
		{FAF358A9-8F45-4579-BE94-00D1546B3865}.Debug|ARM.Deploy.0 = Debug|ARM
		{FAF358A9-8F45-4579-BE94-00D1546B3865}.Debug|iPhone.ActiveCfg = Debug|x86
		{FAF358A9-8F45-4579-BE94-00D1546B3865}.Debug|iPhoneSimulator.ActiveCfg = Debug|x86
		{FAF358A9-8F45-4579-BE94-00D1546B3865}.Debug|x64.ActiveCfg = Debug|x64
		{FAF358A9-8F45-4579-BE94-00D1546B3865}.Debug|x64.Build.0 = Debug|x64
		{FAF358A9-8F45-4579-BE94-00D1546B3865}.Debug|x64.Deploy.0 = Debug|x64
		{FAF358A9-8F45-4579-BE94-00D1546B3865}.Debug|x86.ActiveCfg = Debug|x86
		{FAF358A9-8F45-4579-BE94-00D1546B3865}.Debug|x86.Build.0 = Debug|x86
		{FAF358A9-8F45-4579-BE94-00D1546B3865}.Debug|x86.Deploy.0 = Debug|x86
		{FAF358A9-8F45-4579-BE94-00D1546B3865}.Release|Any CPU.ActiveCfg = Release|x86
		{FAF358A9-8F45-4579-BE94-00D1546B3865}.Release|ARM.ActiveCfg = Release|ARM
		{FAF358A9-8F45-4579-BE94-00D1546B3865}.Release|ARM.Build.0 = Release|ARM
		{FAF358A9-8F45-4579-BE94-00D1546B3865}.Release|ARM.Deploy.0 = Release|ARM
		{FAF358A9-8F45-4579-BE94-00D1546B3865}.Release|iPhone.ActiveCfg = Release|x86
		{FAF358A9-8F45-4579-BE94-00D1546B3865}.Release|iPhoneSimulator.ActiveCfg = Release|x86
		{FAF358A9-8F45-4579-BE94-00D1546B3865}.Release|x64.ActiveCfg = Release|x64
		{FAF358A9-8F45-4579-BE94-00D1546B3865}.Release|x64.Build.0 = Release|x64
		{FAF358A9-8F45-4579-BE94-00D1546B3865}.Release|x64.Deploy.0 = Release|x64
		{FAF358A9-8F45-4579-BE94-00D1546B3865}.Release|x86.ActiveCfg = Release|x86
		{FAF358A9-8F45-4579-BE94-00D1546B3865}.Release|x86.Build.0 = Release|x86
		{FAF358A9-8F45-4579-BE94-00D1546B3865}.Release|x86.Deploy.0 = Release|x86
		{DC00F349-E479-48A8-AAD3-653A9F41B1E4}.Ad-Hoc|Any CPU.ActiveCfg = Release|Any CPU
		{DC00F349-E479-48A8-AAD3-653A9F41B1E4}.Ad-Hoc|Any CPU.Build.0 = Release|Any CPU
		{DC00F349-E479-48A8-AAD3-653A9F41B1E4}.Ad-Hoc|Any CPU.Deploy.0 = Release|Any CPU
		{DC00F349-E479-48A8-AAD3-653A9F41B1E4}.Ad-Hoc|ARM.ActiveCfg = Release|ARM
		{DC00F349-E479-48A8-AAD3-653A9F41B1E4}.Ad-Hoc|ARM.Build.0 = Release|ARM
		{DC00F349-E479-48A8-AAD3-653A9F41B1E4}.Ad-Hoc|ARM.Deploy.0 = Release|ARM
		{DC00F349-E479-48A8-AAD3-653A9F41B1E4}.Ad-Hoc|iPhone.ActiveCfg = Release|Any CPU
		{DC00F349-E479-48A8-AAD3-653A9F41B1E4}.Ad-Hoc|iPhone.Build.0 = Release|Any CPU
		{DC00F349-E479-48A8-AAD3-653A9F41B1E4}.Ad-Hoc|iPhone.Deploy.0 = Release|Any CPU
		{DC00F349-E479-48A8-AAD3-653A9F41B1E4}.Ad-Hoc|iPhoneSimulator.ActiveCfg = Release|Any CPU
		{DC00F349-E479-48A8-AAD3-653A9F41B1E4}.Ad-Hoc|iPhoneSimulator.Build.0 = Release|Any CPU
		{DC00F349-E479-48A8-AAD3-653A9F41B1E4}.Ad-Hoc|iPhoneSimulator.Deploy.0 = Release|Any CPU
		{DC00F349-E479-48A8-AAD3-653A9F41B1E4}.Ad-Hoc|x64.ActiveCfg = Release|x64
		{DC00F349-E479-48A8-AAD3-653A9F41B1E4}.Ad-Hoc|x64.Build.0 = Release|x64
		{DC00F349-E479-48A8-AAD3-653A9F41B1E4}.Ad-Hoc|x64.Deploy.0 = Release|x64
		{DC00F349-E479-48A8-AAD3-653A9F41B1E4}.Ad-Hoc|x86.ActiveCfg = Release|x86
		{DC00F349-E479-48A8-AAD3-653A9F41B1E4}.Ad-Hoc|x86.Build.0 = Release|x86
		{DC00F349-E479-48A8-AAD3-653A9F41B1E4}.Ad-Hoc|x86.Deploy.0 = Release|x86
		{DC00F349-E479-48A8-AAD3-653A9F41B1E4}.AppStore|Any CPU.ActiveCfg = Release|Any CPU
		{DC00F349-E479-48A8-AAD3-653A9F41B1E4}.AppStore|Any CPU.Build.0 = Release|Any CPU
		{DC00F349-E479-48A8-AAD3-653A9F41B1E4}.AppStore|Any CPU.Deploy.0 = Release|Any CPU
		{DC00F349-E479-48A8-AAD3-653A9F41B1E4}.AppStore|ARM.ActiveCfg = Release|ARM
		{DC00F349-E479-48A8-AAD3-653A9F41B1E4}.AppStore|ARM.Build.0 = Release|ARM
		{DC00F349-E479-48A8-AAD3-653A9F41B1E4}.AppStore|ARM.Deploy.0 = Release|ARM
		{DC00F349-E479-48A8-AAD3-653A9F41B1E4}.AppStore|iPhone.ActiveCfg = Release|Any CPU
		{DC00F349-E479-48A8-AAD3-653A9F41B1E4}.AppStore|iPhone.Build.0 = Release|Any CPU
		{DC00F349-E479-48A8-AAD3-653A9F41B1E4}.AppStore|iPhone.Deploy.0 = Release|Any CPU
		{DC00F349-E479-48A8-AAD3-653A9F41B1E4}.AppStore|iPhoneSimulator.ActiveCfg = Release|Any CPU
		{DC00F349-E479-48A8-AAD3-653A9F41B1E4}.AppStore|iPhoneSimulator.Build.0 = Release|Any CPU
		{DC00F349-E479-48A8-AAD3-653A9F41B1E4}.AppStore|iPhoneSimulator.Deploy.0 = Release|Any CPU
		{DC00F349-E479-48A8-AAD3-653A9F41B1E4}.AppStore|x64.ActiveCfg = Release|x64
		{DC00F349-E479-48A8-AAD3-653A9F41B1E4}.AppStore|x64.Build.0 = Release|x64
		{DC00F349-E479-48A8-AAD3-653A9F41B1E4}.AppStore|x64.Deploy.0 = Release|x64
		{DC00F349-E479-48A8-AAD3-653A9F41B1E4}.AppStore|x86.ActiveCfg = Release|x86
		{DC00F349-E479-48A8-AAD3-653A9F41B1E4}.AppStore|x86.Build.0 = Release|x86
		{DC00F349-E479-48A8-AAD3-653A9F41B1E4}.AppStore|x86.Deploy.0 = Release|x86
		{DC00F349-E479-48A8-AAD3-653A9F41B1E4}.Debug|Any CPU.ActiveCfg = Debug|Any CPU
		{DC00F349-E479-48A8-AAD3-653A9F41B1E4}.Debug|Any CPU.Build.0 = Debug|Any CPU
		{DC00F349-E479-48A8-AAD3-653A9F41B1E4}.Debug|Any CPU.Deploy.0 = Debug|Any CPU
		{DC00F349-E479-48A8-AAD3-653A9F41B1E4}.Debug|ARM.ActiveCfg = Debug|ARM
		{DC00F349-E479-48A8-AAD3-653A9F41B1E4}.Debug|ARM.Build.0 = Debug|ARM
		{DC00F349-E479-48A8-AAD3-653A9F41B1E4}.Debug|ARM.Deploy.0 = Debug|ARM
		{DC00F349-E479-48A8-AAD3-653A9F41B1E4}.Debug|iPhone.ActiveCfg = Debug|Any CPU
		{DC00F349-E479-48A8-AAD3-653A9F41B1E4}.Debug|iPhone.Build.0 = Debug|Any CPU
		{DC00F349-E479-48A8-AAD3-653A9F41B1E4}.Debug|iPhone.Deploy.0 = Debug|Any CPU
		{DC00F349-E479-48A8-AAD3-653A9F41B1E4}.Debug|iPhoneSimulator.ActiveCfg = Debug|Any CPU
		{DC00F349-E479-48A8-AAD3-653A9F41B1E4}.Debug|iPhoneSimulator.Build.0 = Debug|Any CPU
		{DC00F349-E479-48A8-AAD3-653A9F41B1E4}.Debug|iPhoneSimulator.Deploy.0 = Debug|Any CPU
		{DC00F349-E479-48A8-AAD3-653A9F41B1E4}.Debug|x64.ActiveCfg = Debug|x64
		{DC00F349-E479-48A8-AAD3-653A9F41B1E4}.Debug|x64.Build.0 = Debug|x64
		{DC00F349-E479-48A8-AAD3-653A9F41B1E4}.Debug|x64.Deploy.0 = Debug|x64
		{DC00F349-E479-48A8-AAD3-653A9F41B1E4}.Debug|x86.ActiveCfg = Debug|x86
		{DC00F349-E479-48A8-AAD3-653A9F41B1E4}.Debug|x86.Build.0 = Debug|x86
		{DC00F349-E479-48A8-AAD3-653A9F41B1E4}.Debug|x86.Deploy.0 = Debug|x86
		{DC00F349-E479-48A8-AAD3-653A9F41B1E4}.Release|Any CPU.ActiveCfg = Release|Any CPU
		{DC00F349-E479-48A8-AAD3-653A9F41B1E4}.Release|Any CPU.Build.0 = Release|Any CPU
		{DC00F349-E479-48A8-AAD3-653A9F41B1E4}.Release|Any CPU.Deploy.0 = Release|Any CPU
		{DC00F349-E479-48A8-AAD3-653A9F41B1E4}.Release|ARM.ActiveCfg = Release|ARM
		{DC00F349-E479-48A8-AAD3-653A9F41B1E4}.Release|ARM.Build.0 = Release|ARM
		{DC00F349-E479-48A8-AAD3-653A9F41B1E4}.Release|ARM.Deploy.0 = Release|ARM
		{DC00F349-E479-48A8-AAD3-653A9F41B1E4}.Release|iPhone.ActiveCfg = Release|Any CPU
		{DC00F349-E479-48A8-AAD3-653A9F41B1E4}.Release|iPhone.Build.0 = Release|Any CPU
		{DC00F349-E479-48A8-AAD3-653A9F41B1E4}.Release|iPhone.Deploy.0 = Release|Any CPU
		{DC00F349-E479-48A8-AAD3-653A9F41B1E4}.Release|iPhoneSimulator.ActiveCfg = Release|Any CPU
		{DC00F349-E479-48A8-AAD3-653A9F41B1E4}.Release|iPhoneSimulator.Build.0 = Release|Any CPU
		{DC00F349-E479-48A8-AAD3-653A9F41B1E4}.Release|iPhoneSimulator.Deploy.0 = Release|Any CPU
		{DC00F349-E479-48A8-AAD3-653A9F41B1E4}.Release|x64.ActiveCfg = Release|x64
		{DC00F349-E479-48A8-AAD3-653A9F41B1E4}.Release|x64.Build.0 = Release|x64
		{DC00F349-E479-48A8-AAD3-653A9F41B1E4}.Release|x64.Deploy.0 = Release|x64
		{DC00F349-E479-48A8-AAD3-653A9F41B1E4}.Release|x86.ActiveCfg = Release|x86
		{DC00F349-E479-48A8-AAD3-653A9F41B1E4}.Release|x86.Build.0 = Release|x86
		{DC00F349-E479-48A8-AAD3-653A9F41B1E4}.Release|x86.Deploy.0 = Release|x86
	EndGlobalSection
	GlobalSection(SolutionProperties) = preSolution
		HideSolutionNode = FALSE
	EndGlobalSection
EndGlobal
